# This file is automatically @generated by Cargo.
# It is not intended for manual editing.
version = 4

[[package]]
name = "meuxe-abi"
version = "0.1.0"

[[package]]
name = "meuxe-blk"
version = "0.1.0"
dependencies = [
 "meuxe-abi",
 "meuxe-rt",
]

[[package]]
name = "meuxe-calc"
version = "0.1.0"
dependencies = [
 "meuxe-abi",
 "meuxe-rt",
 "meuxe-ui",
]

[[package]]
name = "meuxe-cap"
version = "0.1.0"
dependencies = [
 "meuxe-abi",
]

[[package]]
name = "meuxe-client"
version = "0.1.0"
dependencies = [
 "meuxe-abi",
 "meuxe-rt",
 "meuxe-ui",
]

[[package]]
name = "meuxe-compositor"
version = "0.1.0"
dependencies = [
 "meuxe-abi",
 "meuxe-font",
 "meuxe-logo",
 "meuxe-rt",
 "meuxe-ui",
]

[[package]]
name = "meuxe-elf"
version = "0.1.0"

[[package]]
name = "meuxe-files"
version = "0.1.0"
dependencies = [
 "meuxe-abi",
 "meuxe-rt",
 "meuxe-ui",
]

[[package]]
name = "meuxe-font"
version = "0.1.0"

[[package]]
name = "meuxe-fs"
version = "0.1.0"

[[package]]
name = "meuxe-input"
version = "0.1.0"
dependencies = [
 "meuxe-abi",
 "meuxe-rt",
]

[[package]]
name = "meuxe-kernel"
version = "0.1.0"
dependencies = [
 "meuxe-abi",
 "meuxe-cap",
 "meuxe-elf",
 "meuxe-font",
 "meuxe-fs",
 "meuxe-logo",
 "meuxe-mm",
]

[[package]]
name = "meuxe-logo"
version = "0.1.0"

[[package]]
name = "meuxe-mm"
version = "0.1.0"

[[package]]
name = "meuxe-netstack"
version = "0.1.0"

[[package]]
name = "meuxe-rt"
version = "0.1.0"
dependencies = [
 "meuxe-abi",
]

[[package]]
name = "meuxe-ui"
version = "0.1.0"
dependencies = [
 "meuxe-abi",
 "meuxe-font",
 "meuxe-rt",
]

[[package]]
name = "meuxe-vfs"
version = "0.1.0"
dependencies = [
 "meuxe-abi",
 "meuxe-fs",
 "meuxe-rt",
]
